// !$*UTF8*$!
{
	archiveVersion = 1;
	classes = {
	};
	objectVersion = 46;
	objects = {

/* Begin PBXBuildFile section */
		1A61BB261D2C9F9800897A1A /* AppDelegate.swift in Sources */ = {isa = PBXBuildFile; fileRef = 1A61BB251D2C9F9800897A1A /* AppDelegate.swift */; };
		1A61BB281D2C9F9800897A1A /* ViewController.swift in Sources */ = {isa = PBXBuildFile; fileRef = 1A61BB271D2C9F9800897A1A /* ViewController.swift */; };
		1A61BB2B1D2C9F9800897A1A /* Main.storyboard in Resources */ = {isa = PBXBuildFile; fileRef = 1A61BB291D2C9F9800897A1A /* Main.storyboard */; };
		1A61BB2D1D2C9F9800897A1A /* Assets.xcassets in Resources */ = {isa = PBXBuildFile; fileRef = 1A61BB2C1D2C9F9800897A1A /* Assets.xcassets */; };
		1A61BB301D2C9F9800897A1A /* LaunchScreen.storyboard in Resources */ = {isa = PBXBuildFile; fileRef = 1A61BB2E1D2C9F9800897A1A /* LaunchScreen.storyboard */; };
/* End PBXBuildFile section */

/* Begin PBXFileReference section */
		1A61BB221D2C9F9800897A1A /* FollowMe.app */ = {isa = PBXFileReference; explicitFileType = wrapper.application; includeInIndex = 0; path = FollowMe.app; sourceTree = BUILT_PRODUCTS_DIR; };
		1A61BB251D2C9F9800897A1A /* AppDelegate.swift */ = {isa = PBXFileReference; lastKnownFileType = sourcecode.swift; path = AppDelegate.swift; sourceTree = "<group>"; };
		1A61BB271D2C9F9800897A1A /* ViewController.swift */ = {isa = PBXFileReference; lastKnownFileType = sourcecode.swift; path = ViewController.swift; sourceTree = "<group>"; };
		1A61BB2A1D2C9F9800897A1A /* Base */ = {isa = PBXFileReference; lastKnownFileType = file.storyboard; name = Base; path = Base.lproj/Main.storyboard; sourceTree = "<group>"; };
		1A61BB2C1D2C9F9800897A1A /* Assets.xcassets */ = {isa = PBXFileReference; lastKnownFileType = folder.assetcatalog; path = Assets.xcassets; sourceTree = "<group>"; };
		1A61BB2F1D2C9F9800897A1A /* Base */ = {isa = PBXFileReference; lastKnownFileType = file.storyboard; name = Base; path = Base.lproj/LaunchScreen.storyboard; sourceTree = "<group>"; };
		1A61BB311D2C9F9800897A1A /* Info.plist */ = {isa = PBXFileReference; lastKnownFileType = text.plist.xml; path = Info.plist; sourceTree = "<group>"; };
/* End PBXFileReference section */

/* Begin PBXFrameworksBuildPhase section */
		1A61BB1F1D2C9F9800897A1A /* Frameworks */ = {
			isa = PBXFrameworksBuildPhase;
			buildActionMask = 2147483647;
			files = (
			);
			runOnlyForDeploymentPostprocessing = 0;
		};
/* End PBXFrameworksBuildPhase section */

/* Begin PBXGroup section */
		1A61BB191D2C9F9700897A1A = {
			isa = PBXGroup;
			children = (
				1A61BB241D2C9F9800897A1A /* FollowMe */,
				1A61BB231D2C9F9800897A1A /* Products */,
			);
			sourceTree = "<group>";
		};
		1A61BB231D2C9F9800897A1A /* Products */ = {
			isa = PBXGroup;
			children = (
				1A61BB221D2C9F9800897A1A /* FollowMe.app */,
			);
			name = Products;
			sourceTree = "<group>";
		};
		1A61BB241D2C9F9800897A1A /* FollowMe */ = {
			isa = PBXGroup;
			children = (
				1A61BB251D2C9F9800897A1A /* AppDelegate.swift */,
				1A61BB271D2C9F9800897A1A /* ViewController.swift */,
				1A61BB291D2C9F9800897A1A /* Main.storyboard */,
				1A61BB2C1D2C9F9800897A1A /* Assets.xcassets */,
				1A61BB2E1D2C9F9800897A1A /* LaunchScreen.storyboard */,
				1A61BB311D2C9F9800897A1A /* Info.plist */,
			);
			path = FollowMe;
			sourceTree = "<group>";
		};
/* End PBXGroup section */

/* Begin PBXNativeTarget section */
		1A61BB211D2C9F9800897A1A /* FollowMe */ = {
			isa = PBXNativeTarget;
			buildConfigurationList = 1A61BB341D2C9F9800897A1A /* Build configuration list for PBXNativeTarget "FollowMe" */;
			buildPhases = (
				1A61BB1E1D2C9F9800897A1A /* Sources */,
				1A61BB1F1D2C9F9800897A1A /* Frameworks */,
				1A61BB201D2C9F9800897A1A /* Resources */,
			);
			buildRules = (
			);
			dependencies = (
			);
			name = FollowMe;
			productName = FollowMe;
			productReference = 1A61BB221D2C9F9800897A1A /* FollowMe.app */;
			productType = "com.apple.product-type.application";
		};
/* End PBXNativeTarget section */

/* Begin PBXProject section */
		1A61BB1A1D2C9F9700897A1A /* Project object */ = {
			isa = PBXProject;
			attributes = {
				LastSwiftUpdateCheck = 0730;
				LastUpgradeCheck = 0730;
				ORGANIZATIONNAME = "jian chen";
				TargetAttributes = {
					1A61BB211D2C9F9800897A1A = {
						CreatedOnToolsVersion = 7.3.1;
						DevelopmentTeam = APRAQV9ZTB;
					};
				};
			};
			buildConfigurationList = 1A61BB1D1D2C9F9700897A1A /* Build configuration list for PBXProject "FollowMe" */;
			compatibilityVersion = "Xcode 3.2";
			developmentRegion = English;
			hasScannedForEncodings = 0;
			knownRegions = (
				en,
				Base,
			);
			mainGroup = 1A61BB191D2C9F9700897A1A;
			productRefGroup = 1A61BB231D2C9F9800897A1A /* Products */;
			projectDirPath = "";
			projectRoot = "";
			targets = (
				1A61BB211D2C9F9800897A1A /* FollowMe */,
			);
		};
/* End PBXProject section */

/* Begin PBXResourcesBuildPhase section */
		1A61BB201D2C9F9800897A1A /* Resources */ = {
			isa = PBXResourcesBuildPhase;
			buildActionMask = 2147483647;
			files = (
				1A61BB301D2C9F9800897A1A /* LaunchScreen.storyboard in Resources */,
				1A61BB2D1D2C9F9800897A1A /* Assets.xcassets in Resources */,
				1A61BB2B1D2C9F9800897A1A /* Main.storyboard in Resources */,
			);
			runOnlyForDeploymentPostprocessing = 0;
		};
/* End PBXResourcesBuildPhase section */

/* Begin PBXSourcesBuildPhase section */
		1A61BB1E1D2C9F9800897A1A /* Sources */ = {
			isa = PBXSourcesBuildPhase;
			buildActionMask = 2147483647;
			files = (
				1A61BB281D2C9F9800897A1A /* ViewController.swift in Sources */,
				1A61BB261D2C9F9800897A1A /* AppDelegate.swift in Sources */,
			);
			runOnlyForDeploymentPostprocessing = 0;
		};
/* End PBXSourcesBuildPhase section */

/* Begin PBXVariantGroup section */
		1A61BB291D2C9F9800897A1A /* Main.storyboard */ = {
			isa = PBXVariantGroup;
			children = (
				1A61BB2A1D2C9F9800897A1A /* Base */,
			);
			name = Main.storyboard;
			sourceTree = "<group>";
		};
		1A61BB2E1D2C9F9800897A1A /* LaunchScreen.storyboard */ = {
			isa = PBXVariantGroup;
			children = (
				1A61BB2F1D2C9F9800897A1A /* Base */,
			);
			name = LaunchScreen.storyboard;
			sourceTree = "<group>";
		};
/* End PBXVariantGroup section */

/* Begin XCBuildConfiguration section */
		1A61BB321D2C9F9800897A1A /* Debug */ = {
			isa = XCBuildConfiguration;
			buildSettings = {
				ALWAYS_SEARCH_USER_PATHS = NO;
				CLANG_ANALYZER_NONNULL = YES;
				CLANG_CXX_LANGUAGE_STANDARD = "gnu++0x";
				CLANG_CXX_LIBRARY = "libc++";
				CLANG_ENABLE_MODULES = YES;
				CLANG_ENABLE_OBJC_ARC = YES;
				CLANG_WARN_BOOL_CONVERSION = YES;
				CLANG_WARN_CONSTANT_CONVERSION = YES;
				CLANG_WARN_DIRECT_OBJC_ISA_USAGE = YES_ERROR;
				CLANG_WARN_EMPTY_BODY = YES;
				CLANG_WARN_ENUM_CONVERSION = YES;
				CLANG_WARN_INT_CONVERSION = YES;
				CLANG_WARN_OBJC_ROOT_CLASS = YES_ERROR;
				CLANG_WARN_UNREACHABLE_CODE = YES;
				CLANG_WARN__DUPLICATE_METHOD_MATCH = YES;
				"CODE_SIGN_IDENTITY[sdk=iphoneos*]" = "iPhone Developer";
				COPY_PHASE_STRIP = NO;
				DEBUG_INFORMATION_FORMAT = dwarf;
				ENABLE_STRICT_OBJC_MSGSEND = YES;
				ENABLE_TESTABILITY = YES;
				GCC_C_LANGUAGE_STANDARD = gnu99;
				GCC_DYNAMIC_NO_PIC = NO;
				GCC_NO_COMMON_BLOCKS = YES;
				GCC_OPTIMIZATION_LEVEL = 0;
				GCC_PREPROCESSOR_DEFINITIONS = (
					"DEBUG=1",
					"$(inherited)",
				);
				GCC_WARN_64_TO_32_BIT_CONVERSION = YES;
				GCC_WARN_ABOUT_RETURN_TYPE = YES_ERROR;
				GCC_WARN_UNDECLARED_SELECTOR = YES;
				GCC_WARN_UNINITIALIZED_AUTOS = YES_AGGRESSIVE;
				GCC_WARN_UNUSED_FUNCTION = YES;
				GCC_WARN_UNUSED_VARIABLE = YES;
				IPHONEOS_DEPLOYMENT_TARGET = 9.3;
				MTL_ENABLE_DEBUG_INFO = YES;
				ONLY_ACTIVE_ARCH = YES;
				SDKROOT = iphoneos;
				SWIFT_OPTIMIZATION_LEVEL = "-Onone";
			};
			name = Debug;
		};
		1A61BB331D2C9F9800897A1A /* Release */ = {
			isa = XCBuildConfiguration;
			buildSettings = {
				ALWAYS_SEARCH_USER_PATHS = NO;
				CLANG_ANALYZER_NONNULL = YES;
				CLANG_CXX_LANGUAGE_STANDARD = "gnu++0x";
				CLANG_CXX_LIBRARY = "libc++";
				CLANG_ENABLE_MODULES = YES;
				CLANG_ENABLE_OBJC_ARC = YES;
				CLANG_WARN_BOOL_CONVERSION = YES;
				CLANG_WARN_CONSTANT_CONVERSION = YES;
				CLANG_WARN_DIRECT_OBJC_ISA_USAGE = YES_ERROR;
				CLANG_WARN_EMPTY_BODY = YES;
				CLANG_WARN_ENUM_CONVERSION = YES;
				CLANG_WARN_INT_CONVERSION = YES;
				CLANG_WARN_OBJC_ROOT_CLASS = YES_ERROR;
				CLANG_WARN_UNREACHABLE_CODE = YES;
				CLANG_WARN__DUPLICATE_METHOD_MATCH = YES;
				"CODE_SIGN_IDENTITY[sdk=iphoneos*]" = "iPhone Developer";
				COPY_PHASE_STRIP = NO;
				DEBUG_INFORMATION_FORMAT = "dwarf-with-dsym";
				ENABLE_NS_ASSERTIONS = NO;
				ENABLE_STRICT_OBJC_MSGSEND = YES;
				GCC_C_LANGUAGE_STANDARD = gnu99;
				GCC_NO_COMMON_BLOCKS = YES;
				GCC_WARN_64_TO_32_BIT_CONVERSION = YES;
				GCC_WARN_ABOUT_RETURN_TYPE = YES_ERROR;
				GCC_WARN_UNDECLARED_SELECTOR = YES;
				GCC_WARN_UNINITIALIZED_AUTOS = YES_AGGRESSIVE;
				GCC_WARN_UNUSED_FUNCTION = YES;
				GCC_WARN_UNUSED_VARIABLE = YES;
				IPHONEOS_DEPLOYMENT_TARGET = 9.3;
				MTL_ENABLE_DEBUG_INFO = NO;
				SDKROOT = iphoneos;
				VALIDATE_PRODUCT = YES;
			};
			name = Release;
		};
		1A61BB351D2C9F9800897A1A /* Debug */ = {
			isa = XCBuildConfiguration;
			buildSettings = {
				ASSETCATALOG_COMPILER_APPICON_NAME = AppIcon;
				CODE_SIGN_IDENTITY = "iPhone Developer";
				INFOPLIST_FILE = FollowMe/Info.plist;
				IPHONEOS_DEPLOYMENT_TARGET = 9.3;
				LD_RUNPATH_SEARCH_PATHS = "$(inherited) @executable_path/Frameworks";
				PRODUCT_BUNDLE_IDENTIFIER = chengshu.FollowMe;
				PRODUCT_NAME = "$(TARGET_NAME)";
			};
			name = Debug;
		};
		1A61BB361D2C9F9800897A1A /* Release */ = {
			isa = XCBuildConfiguration;
			buildSettings = {
				ASSETCATALOG_COMPILER_APPICON_NAME = AppIcon;
				CODE_SIGN_IDENTITY = "iPhone Developer";
				INFOPLIST_FILE = FollowMe/Info.plist;
				IPHONEOS_DEPLOYMENT_TARGET = 9.3;
				LD_RUNPATH_SEARCH_PATHS = "$(inherited) @executable_path/Frameworks";
				PRODUCT_BUNDLE_IDENTIFIER = chengshu.FollowMe;
				PRODUCT_NAME = "$(TARGET_NAME)";
			};
			name = Release;
		};
/* End XCBuildConfiguration section */

/* Begin XCConfigurationList section */
		1A61BB1D1D2C9F9700897A1A /* Build configuration list for PBXProject "FollowMe" */ = {
			isa = XCConfigurationList;
			buildConfigurations = (
				1A61BB321D2C9F9800897A1A /* Debug */,
				1A61BB331D2C9F9800897A1A /* Release */,
			);
			defaultConfigurationIsVisible = 0;
			defaultConfigurationName = Release;
		};
		1A61BB341D2C9F9800897A1A /* Build configuration list for PBXNativeTarget "FollowMe" */ = {
			isa = XCConfigurationList;
			buildConfigurations = (
				1A61BB351D2C9F9800897A1A /* Debug */,
				1A61BB361D2C9F9800897A1A /* Release */,
			);
			defaultConfigurationIsVisible = 0;
			defaultConfigurationName = Release;
		};
/* End XCConfigurationList section */
	};
	rootObject = 1A61BB1A1D2C9F9700897A1A /* Project object */;
}
