// !$*UTF8*$!
{
	archiveVersion = 1;
	classes = {
	};
	objectVersion = 46;
	objects = {

/* Begin PBXBuildFile section */
		1ABBFE951D37682900054541 /* AppDelegate.swift in Sources */ = {isa = PBXBuildFile; fileRef = 1ABBFE941D37682900054541 /* AppDelegate.swift */; };
		1ABBFE971D37682900054541 /* ViewController.swift in Sources */ = {isa = PBXBuildFile; fileRef = 1ABBFE961D37682900054541 /* ViewController.swift */; };
		1ABBFE9A1D37682900054541 /* Main.storyboard in Resources */ = {isa = PBXBuildFile; fileRef = 1ABBFE981D37682900054541 /* Main.storyboard */; };
		1ABBFE9C1D37682900054541 /* Assets.xcassets in Resources */ = {isa = PBXBuildFile; fileRef = 1ABBFE9B1D37682900054541 /* Assets.xcassets */; };
		1ABBFE9F1D37682900054541 /* LaunchScreen.storyboard in Resources */ = {isa = PBXBuildFile; fileRef = 1ABBFE9D1D37682900054541 /* LaunchScreen.storyboard */; };
		1ABBFEA71D3796AA00054541 /* ImageList.swift in Sources */ = {isa = PBXBuildFile; fileRef = 1ABBFEA61D3796AA00054541 /* ImageList.swift */; };
/* End PBXBuildFile section */

/* Begin PBXFileReference section */
		1ABBFE911D37682900054541 /* FlowerWeb.app */ = {isa = PBXFileReference; explicitFileType = wrapper.application; includeInIndex = 0; path = FlowerWeb.app; sourceTree = BUILT_PRODUCTS_DIR; };
		1ABBFE941D37682900054541 /* AppDelegate.swift */ = {isa = PBXFileReference; lastKnownFileType = sourcecode.swift; path = AppDelegate.swift; sourceTree = "<group>"; };
		1ABBFE961D37682900054541 /* ViewController.swift */ = {isa = PBXFileReference; lastKnownFileType = sourcecode.swift; path = ViewController.swift; sourceTree = "<group>"; };
		1ABBFE991D37682900054541 /* Base */ = {isa = PBXFileReference; lastKnownFileType = file.storyboard; name = Base; path = Base.lproj/Main.storyboard; sourceTree = "<group>"; };
		1ABBFE9B1D37682900054541 /* Assets.xcassets */ = {isa = PBXFileReference; lastKnownFileType = folder.assetcatalog; path = Assets.xcassets; sourceTree = "<group>"; };
		1ABBFE9E1D37682900054541 /* Base */ = {isa = PBXFileReference; lastKnownFileType = file.storyboard; name = Base; path = Base.lproj/LaunchScreen.storyboard; sourceTree = "<group>"; };
		1ABBFEA01D37682900054541 /* Info.plist */ = {isa = PBXFileReference; lastKnownFileType = text.plist.xml; path = Info.plist; sourceTree = "<group>"; };
		1ABBFEA61D3796AA00054541 /* ImageList.swift */ = {isa = PBXFileReference; fileEncoding = 4; lastKnownFileType = sourcecode.swift; path = ImageList.swift; sourceTree = "<group>"; };
/* End PBXFileReference section */

/* Begin PBXFrameworksBuildPhase section */
		1ABBFE8E1D37682900054541 /* Frameworks */ = {
			isa = PBXFrameworksBuildPhase;
			buildActionMask = 2147483647;
			files = (
			);
			runOnlyForDeploymentPostprocessing = 0;
		};
/* End PBXFrameworksBuildPhase section */

/* Begin PBXGroup section */
		1ABBFE881D37682900054541 = {
			isa = PBXGroup;
			children = (
				1ABBFE931D37682900054541 /* FlowerWeb */,
				1ABBFE921D37682900054541 /* Products */,
			);
			sourceTree = "<group>";
		};
		1ABBFE921D37682900054541 /* Products */ = {
			isa = PBXGroup;
			children = (
				1ABBFE911D37682900054541 /* FlowerWeb.app */,
			);
			name = Products;
			sourceTree = "<group>";
		};
		1ABBFE931D37682900054541 /* FlowerWeb */ = {
			isa = PBXGroup;
			children = (
				1ABBFE941D37682900054541 /* AppDelegate.swift */,
				1ABBFE961D37682900054541 /* ViewController.swift */,
				1ABBFE981D37682900054541 /* Main.storyboard */,
				1ABBFE9B1D37682900054541 /* Assets.xcassets */,
				1ABBFE9D1D37682900054541 /* LaunchScreen.storyboard */,
				1ABBFEA01D37682900054541 /* Info.plist */,
				1ABBFEA61D3796AA00054541 /* ImageList.swift */,
			);
			path = FlowerWeb;
			sourceTree = "<group>";
		};
/* End PBXGroup section */

/* Begin PBXNativeTarget section */
		1ABBFE901D37682900054541 /* FlowerWeb */ = {
			isa = PBXNativeTarget;
			buildConfigurationList = 1ABBFEA31D37682900054541 /* Build configuration list for PBXNativeTarget "FlowerWeb" */;
			buildPhases = (
				1ABBFE8D1D37682900054541 /* Sources */,
				1ABBFE8E1D37682900054541 /* Frameworks */,
				1ABBFE8F1D37682900054541 /* Resources */,
			);
			buildRules = (
			);
			dependencies = (
			);
			name = FlowerWeb;
			productName = FlowerWeb;
			productReference = 1ABBFE911D37682900054541 /* FlowerWeb.app */;
			productType = "com.apple.product-type.application";
		};
/* End PBXNativeTarget section */

/* Begin PBXProject section */
		1ABBFE891D37682900054541 /* Project object */ = {
			isa = PBXProject;
			attributes = {
				LastSwiftUpdateCheck = 0730;
				LastUpgradeCheck = 0730;
				ORGANIZATIONNAME = "jian chen";
				TargetAttributes = {
					1ABBFE901D37682900054541 = {
						CreatedOnToolsVersion = 7.3.1;
					};
				};
			};
			buildConfigurationList = 1ABBFE8C1D37682900054541 /* Build configuration list for PBXProject "FlowerWeb" */;
			compatibilityVersion = "Xcode 3.2";
			developmentRegion = English;
			hasScannedForEncodings = 0;
			knownRegions = (
				en,
				Base,
			);
			mainGroup = 1ABBFE881D37682900054541;
			productRefGroup = 1ABBFE921D37682900054541 /* Products */;
			projectDirPath = "";
			projectRoot = "";
			targets = (
				1ABBFE901D37682900054541 /* FlowerWeb */,
			);
		};
/* End PBXProject section */

/* Begin PBXResourcesBuildPhase section */
		1ABBFE8F1D37682900054541 /* Resources */ = {
			isa = PBXResourcesBuildPhase;
			buildActionMask = 2147483647;
			files = (
				1ABBFE9F1D37682900054541 /* LaunchScreen.storyboard in Resources */,
				1ABBFE9C1D37682900054541 /* Assets.xcassets in Resources */,
				1ABBFE9A1D37682900054541 /* Main.storyboard in Resources */,
			);
			runOnlyForDeploymentPostprocessing = 0;
		};
/* End PBXResourcesBuildPhase section */

/* Begin PBXSourcesBuildPhase section */
		1ABBFE8D1D37682900054541 /* Sources */ = {
			isa = PBXSourcesBuildPhase;
			buildActionMask = 2147483647;
			files = (
				1ABBFEA71D3796AA00054541 /* ImageList.swift in Sources */,
				1ABBFE971D37682900054541 /* ViewController.swift in Sources */,
				1ABBFE951D37682900054541 /* AppDelegate.swift in Sources */,
			);
			runOnlyForDeploymentPostprocessing = 0;
		};
/* End PBXSourcesBuildPhase section */

/* Begin PBXVariantGroup section */
		1ABBFE981D37682900054541 /* Main.storyboard */ = {
			isa = PBXVariantGroup;
			children = (
				1ABBFE991D37682900054541 /* Base */,
			);
			name = Main.storyboard;
			sourceTree = "<group>";
		};
		1ABBFE9D1D37682900054541 /* LaunchScreen.storyboard */ = {
			isa = PBXVariantGroup;
			children = (
				1ABBFE9E1D37682900054541 /* Base */,
			);
			name = LaunchScreen.storyboard;
			sourceTree = "<group>";
		};
/* End PBXVariantGroup section */

/* Begin XCBuildConfiguration section */
		1ABBFEA11D37682900054541 /* Debug */ = {
			isa = XCBuildConfiguration;
			buildSettings = {
				ALWAYS_SEARCH_USER_PATHS = NO;
				CLANG_ANALYZER_NONNULL = YES;
				CLANG_CXX_LANGUAGE_STANDARD = "gnu++0x";
				CLANG_CXX_LIBRARY = "libc++";
				CLANG_ENABLE_MODULES = YES;
				CLANG_ENABLE_OBJC_ARC = YES;
				CLANG_WARN_BOOL_CONVERSION = YES;
				CLANG_WARN_CONSTANT_CONVERSION = YES;
				CLANG_WARN_DIRECT_OBJC_ISA_USAGE = YES_ERROR;
				CLANG_WARN_EMPTY_BODY = YES;
				CLANG_WARN_ENUM_CONVERSION = YES;
				CLANG_WARN_INT_CONVERSION = YES;
				CLANG_WARN_OBJC_ROOT_CLASS = YES_ERROR;
				CLANG_WARN_UNREACHABLE_CODE = YES;
				CLANG_WARN__DUPLICATE_METHOD_MATCH = YES;
				"CODE_SIGN_IDENTITY[sdk=iphoneos*]" = "iPhone Developer";
				COPY_PHASE_STRIP = NO;
				DEBUG_INFORMATION_FORMAT = dwarf;
				ENABLE_STRICT_OBJC_MSGSEND = YES;
				ENABLE_TESTABILITY = YES;
				GCC_C_LANGUAGE_STANDARD = gnu99;
				GCC_DYNAMIC_NO_PIC = NO;
				GCC_NO_COMMON_BLOCKS = YES;
				GCC_OPTIMIZATION_LEVEL = 0;
				GCC_PREPROCESSOR_DEFINITIONS = (
					"DEBUG=1",
					"$(inherited)",
				);
				GCC_WARN_64_TO_32_BIT_CONVERSION = YES;
				GCC_WARN_ABOUT_RETURN_TYPE = YES_ERROR;
				GCC_WARN_UNDECLARED_SELECTOR = YES;
				GCC_WARN_UNINITIALIZED_AUTOS = YES_AGGRESSIVE;
				GCC_WARN_UNUSED_FUNCTION = YES;
				GCC_WARN_UNUSED_VARIABLE = YES;
				IPHONEOS_DEPLOYMENT_TARGET = 9.3;
				MTL_ENABLE_DEBUG_INFO = YES;
				ONLY_ACTIVE_ARCH = YES;
				SDKROOT = iphoneos;
				SWIFT_OPTIMIZATION_LEVEL = "-Onone";
			};
			name = Debug;
		};
		1ABBFEA21D37682900054541 /* Release */ = {
			isa = XCBuildConfiguration;
			buildSettings = {
				ALWAYS_SEARCH_USER_PATHS = NO;
				CLANG_ANALYZER_NONNULL = YES;
				CLANG_CXX_LANGUAGE_STANDARD = "gnu++0x";
				CLANG_CXX_LIBRARY = "libc++";
				CLANG_ENABLE_MODULES = YES;
				CLANG_ENABLE_OBJC_ARC = YES;
				CLANG_WARN_BOOL_CONVERSION = YES;
				CLANG_WARN_CONSTANT_CONVERSION = YES;
				CLANG_WARN_DIRECT_OBJC_ISA_USAGE = YES_ERROR;
				CLANG_WARN_EMPTY_BODY = YES;
				CLANG_WARN_ENUM_CONVERSION = YES;
				CLANG_WARN_INT_CONVERSION = YES;
				CLANG_WARN_OBJC_ROOT_CLASS = YES_ERROR;
				CLANG_WARN_UNREACHABLE_CODE = YES;
				CLANG_WARN__DUPLICATE_METHOD_MATCH = YES;
				"CODE_SIGN_IDENTITY[sdk=iphoneos*]" = "iPhone Developer";
				COPY_PHASE_STRIP = NO;
				DEBUG_INFORMATION_FORMAT = "dwarf-with-dsym";
				ENABLE_NS_ASSERTIONS = NO;
				ENABLE_STRICT_OBJC_MSGSEND = YES;
				GCC_C_LANGUAGE_STANDARD = gnu99;
				GCC_NO_COMMON_BLOCKS = YES;
				GCC_WARN_64_TO_32_BIT_CONVERSION = YES;
				GCC_WARN_ABOUT_RETURN_TYPE = YES_ERROR;
				GCC_WARN_UNDECLARED_SELECTOR = YES;
				GCC_WARN_UNINITIALIZED_AUTOS = YES_AGGRESSIVE;
				GCC_WARN_UNUSED_FUNCTION = YES;
				GCC_WARN_UNUSED_VARIABLE = YES;
				IPHONEOS_DEPLOYMENT_TARGET = 9.3;
				MTL_ENABLE_DEBUG_INFO = NO;
				SDKROOT = iphoneos;
				VALIDATE_PRODUCT = YES;
			};
			name = Release;
		};
		1ABBFEA41D37682900054541 /* Debug */ = {
			isa = XCBuildConfiguration;
			buildSettings = {
				ASSETCATALOG_COMPILER_APPICON_NAME = AppIcon;
				INFOPLIST_FILE = FlowerWeb/Info.plist;
				LD_RUNPATH_SEARCH_PATHS = "$(inherited) @executable_path/Frameworks";
				PRODUCT_BUNDLE_IDENTIFIER = chengshu.FlowerWeb;
				PRODUCT_NAME = "$(TARGET_NAME)";
			};
			name = Debug;
		};
		1ABBFEA51D37682900054541 /* Release */ = {
			isa = XCBuildConfiguration;
			buildSettings = {
				ASSETCATALOG_COMPILER_APPICON_NAME = AppIcon;
				INFOPLIST_FILE = FlowerWeb/Info.plist;
				LD_RUNPATH_SEARCH_PATHS = "$(inherited) @executable_path/Frameworks";
				PRODUCT_BUNDLE_IDENTIFIER = chengshu.FlowerWeb;
				PRODUCT_NAME = "$(TARGET_NAME)";
			};
			name = Release;
		};
/* End XCBuildConfiguration section */

/* Begin XCConfigurationList section */
		1ABBFE8C1D37682900054541 /* Build configuration list for PBXProject "FlowerWeb" */ = {
			isa = XCConfigurationList;
			buildConfigurations = (
				1ABBFEA11D37682900054541 /* Debug */,
				1ABBFEA21D37682900054541 /* Release */,
			);
			defaultConfigurationIsVisible = 0;
			defaultConfigurationName = Release;
		};
		1ABBFEA31D37682900054541 /* Build configuration list for PBXNativeTarget "FlowerWeb" */ = {
			isa = XCConfigurationList;
			buildConfigurations = (
				1ABBFEA41D37682900054541 /* Debug */,
				1ABBFEA51D37682900054541 /* Release */,
			);
			defaultConfigurationIsVisible = 0;
		};
/* End XCConfigurationList section */
	};
	rootObject = 1ABBFE891D37682900054541 /* Project object */;
}
